
Microsoft Visual Studio Solution File, Format Version 12.00
# Visual Studio Version 17
VisualStudioVersion = 17.0.31919.166
MinimumVisualStudioVersion = 10.0.40219.1
Project("{2150E333-8FDC-42A3-9474-1A3956D46DE8}") = "1 - Presentation", "1 - Presentation", "{0E9BD5C0-DDA6-4FB4-B7F7-18D51221DD4C}"
EndProject
Project("{2150E333-8FDC-42A3-9474-1A3956D46DE8}") = "2 - Application", "2 - Application", "{192B32A7-7E6B-42A7-B4AF-FFB46FC6F937}"
EndProject
Project("{2150E333-8FDC-42A3-9474-1A3956D46DE8}") = "3 - Domain", "3 - Domain", "{B5AA8134-628F-47E3-9F34-4E54D09B86C9}"
EndProject
Project("{2150E333-8FDC-42A3-9474-1A3956D46DE8}") = "4 - Infra", "4 - Infra", "{F1C231C1-2C3F-4F3F-BD35-B412C48D41AC}"
EndProject
Project("{2150E333-8FDC-42A3-9474-1A3956D46DE8}") = "4.1 - Data", "4.1 - Data", "{67DEFFDB-D641-4151-AA1C-5DFDA17C1E5B}"
EndProject
Project("{2150E333-8FDC-42A3-9474-1A3956D46DE8}") = "4.2 - CrossCutting", "4.2 - CrossCutting", "{DBC604F4-C14C-4A82-9772-1483E94D0E9B}"
EndProject
Project("{9A19103F-16F7-4668-BE54-9A1E7A4F7556}") = "MinhasFinancas.WebApi", "src\MinhasFinancas.WebApi\MinhasFinancas.WebApi.csproj", "{39610D27-3F91-41F9-9892-FD3BC1949195}"
EndProject
Project("{9A19103F-16F7-4668-BE54-9A1E7A4F7556}") = "MinhasFinancas.Application", "src\MinhasFinancas.Application\MinhasFinancas.Application.csproj", "{A723649E-B315-4E93-9A6B-4D9945224BF4}"
EndProject
Project("{9A19103F-16F7-4668-BE54-9A1E7A4F7556}") = "MinhasFinancas.Domain", "src\MinhasFinancas.Domain\MinhasFinancas.Domain.csproj", "{B02E148C-7FCD-4246-8E66-0F2F33FB0066}"
EndProject
Project("{9A19103F-16F7-4668-BE54-9A1E7A4F7556}") = "MinhasFinancas.Infra.Data", "src\MinhasFinancas.Infra.Data\MinhasFinancas.Infra.Data.csproj", "{D92559EB-7754-4F26-B9FB-4736D946FB57}"
EndProject
Project("{2150E333-8FDC-42A3-9474-1A3956D46DE8}") = "5 -Tests", "5 -Tests", "{4E46118B-0FF9-43B9-A95D-4C1247F5FDD9}"
EndProject
Project("{9A19103F-16F7-4668-BE54-9A1E7A4F7556}") = "MinhasFinancas.Infra.Swagger", "src\MinhasFinancas.Infra.Swagger\MinhasFinancas.Infra.Swagger.csproj", "{7309885C-062E-42A5-950F-85DB01AA930A}"
EndProject
Project("{9A19103F-16F7-4668-BE54-9A1E7A4F7556}") = "MinhasFinancas.Infra.AuthConfig", "src\MinhasFinancas.Infra.AuthConfig\MinhasFinancas.Infra.AuthConfig.csproj", "{A672BC76-1698-4A87-A11C-3BEC7363084E}"
EndProject
Project("{9A19103F-16F7-4668-BE54-9A1E7A4F7556}") = "MinhasFinancas.Infra.IoC", "src\MinhasFinancas.Infra.IoC\MinhasFinancas.Infra.IoC.csproj", "{6DCCDDE5-A80E-4336-A02B-2CA45E8B9495}"
EndProject
Global
	GlobalSection(SolutionConfigurationPlatforms) = preSolution
		Debug|Any CPU = Debug|Any CPU
		Release|Any CPU = Release|Any CPU
	EndGlobalSection
	GlobalSection(ProjectConfigurationPlatforms) = postSolution
		{39610D27-3F91-41F9-9892-FD3BC1949195}.Debug|Any CPU.ActiveCfg = Debug|Any CPU
		{39610D27-3F91-41F9-9892-FD3BC1949195}.Debug|Any CPU.Build.0 = Debug|Any CPU
		{39610D27-3F91-41F9-9892-FD3BC1949195}.Release|Any CPU.ActiveCfg = Release|Any CPU
		{39610D27-3F91-41F9-9892-FD3BC1949195}.Release|Any CPU.Build.0 = Release|Any CPU
		{A723649E-B315-4E93-9A6B-4D9945224BF4}.Debug|Any CPU.ActiveCfg = Debug|Any CPU
		{A723649E-B315-4E93-9A6B-4D9945224BF4}.Debug|Any CPU.Build.0 = Debug|Any CPU
		{A723649E-B315-4E93-9A6B-4D9945224BF4}.Release|Any CPU.ActiveCfg = Release|Any CPU
		{A723649E-B315-4E93-9A6B-4D9945224BF4}.Release|Any CPU.Build.0 = Release|Any CPU
		{B02E148C-7FCD-4246-8E66-0F2F33FB0066}.Debug|Any CPU.ActiveCfg = Debug|Any CPU
		{B02E148C-7FCD-4246-8E66-0F2F33FB0066}.Debug|Any CPU.Build.0 = Debug|Any CPU
		{B02E148C-7FCD-4246-8E66-0F2F33FB0066}.Release|Any CPU.ActiveCfg = Release|Any CPU
		{B02E148C-7FCD-4246-8E66-0F2F33FB0066}.Release|Any CPU.Build.0 = Release|Any CPU
		{D92559EB-7754-4F26-B9FB-4736D946FB57}.Debug|Any CPU.ActiveCfg = Debug|Any CPU
		{D92559EB-7754-4F26-B9FB-4736D946FB57}.Debug|Any CPU.Build.0 = Debug|Any CPU
		{D92559EB-7754-4F26-B9FB-4736D946FB57}.Release|Any CPU.ActiveCfg = Release|Any CPU
		{D92559EB-7754-4F26-B9FB-4736D946FB57}.Release|Any CPU.Build.0 = Release|Any CPU
		{7309885C-062E-42A5-950F-85DB01AA930A}.Debug|Any CPU.ActiveCfg = Debug|Any CPU
		{7309885C-062E-42A5-950F-85DB01AA930A}.Debug|Any CPU.Build.0 = Debug|Any CPU
		{7309885C-062E-42A5-950F-85DB01AA930A}.Release|Any CPU.ActiveCfg = Release|Any CPU
		{7309885C-062E-42A5-950F-85DB01AA930A}.Release|Any CPU.Build.0 = Release|Any CPU
		{A672BC76-1698-4A87-A11C-3BEC7363084E}.Debug|Any CPU.ActiveCfg = Debug|Any CPU
		{A672BC76-1698-4A87-A11C-3BEC7363084E}.Debug|Any CPU.Build.0 = Debug|Any CPU
		{A672BC76-1698-4A87-A11C-3BEC7363084E}.Release|Any CPU.ActiveCfg = Release|Any CPU
		{A672BC76-1698-4A87-A11C-3BEC7363084E}.Release|Any CPU.Build.0 = Release|Any CPU
		{6DCCDDE5-A80E-4336-A02B-2CA45E8B9495}.Debug|Any CPU.ActiveCfg = Debug|Any CPU
		{6DCCDDE5-A80E-4336-A02B-2CA45E8B9495}.Debug|Any CPU.Build.0 = Debug|Any CPU
		{6DCCDDE5-A80E-4336-A02B-2CA45E8B9495}.Release|Any CPU.ActiveCfg = Release|Any CPU
		{6DCCDDE5-A80E-4336-A02B-2CA45E8B9495}.Release|Any CPU.Build.0 = Release|Any CPU
	EndGlobalSection
	GlobalSection(SolutionProperties) = preSolution
		HideSolutionNode = FALSE
	EndGlobalSection
	GlobalSection(NestedProjects) = preSolution
		{67DEFFDB-D641-4151-AA1C-5DFDA17C1E5B} = {F1C231C1-2C3F-4F3F-BD35-B412C48D41AC}
		{DBC604F4-C14C-4A82-9772-1483E94D0E9B} = {F1C231C1-2C3F-4F3F-BD35-B412C48D41AC}
		{39610D27-3F91-41F9-9892-FD3BC1949195} = {0E9BD5C0-DDA6-4FB4-B7F7-18D51221DD4C}
		{A723649E-B315-4E93-9A6B-4D9945224BF4} = {192B32A7-7E6B-42A7-B4AF-FFB46FC6F937}
		{B02E148C-7FCD-4246-8E66-0F2F33FB0066} = {B5AA8134-628F-47E3-9F34-4E54D09B86C9}
		{D92559EB-7754-4F26-B9FB-4736D946FB57} = {67DEFFDB-D641-4151-AA1C-5DFDA17C1E5B}
		{7309885C-062E-42A5-950F-85DB01AA930A} = {DBC604F4-C14C-4A82-9772-1483E94D0E9B}
		{A672BC76-1698-4A87-A11C-3BEC7363084E} = {DBC604F4-C14C-4A82-9772-1483E94D0E9B}
		{6DCCDDE5-A80E-4336-A02B-2CA45E8B9495} = {DBC604F4-C14C-4A82-9772-1483E94D0E9B}
	EndGlobalSection
	GlobalSection(ExtensibilityGlobals) = postSolution
		SolutionGuid = {ACBABFFF-2F46-490D-8951-F2AC6E8815E8}
	EndGlobalSection
EndGlobal
